
Microsoft Visual Studio Solution File, Format Version 12.00
# Visual Studio Version 16
VisualStudioVersion = 16.0.31229.75
MinimumVisualStudioVersion = 10.0.40219.1
Project("{FAE04EC0-301F-11D3-BF4B-00C04F79EFBC}") = "GitPractice", "GitPractice\GitPractice.csproj", "{76276712-7AD3-4EEE-B573-3E77C4AE12FE}"
EndProject
Global
	GlobalSection(SolutionConfigurationPlatforms) = preSolution
		Debug|Any CPU = Debug|Any CPU
		Release|Any CPU = Release|Any CPU
	EndGlobalSection
	GlobalSection(ProjectConfigurationPlatforms) = postSolution
		{76276712-7AD3-4EEE-B573-3E77C4AE12FE}.Debug|Any CPU.ActiveCfg = Debug|Any CPU
		{76276712-7AD3-4EEE-B573-3E77C4AE12FE}.Debug|Any CPU.Build.0 = Debug|Any CPU
		{76276712-7AD3-4EEE-B573-3E77C4AE12FE}.Release|Any CPU.ActiveCfg = Release|Any CPU
		{76276712-7AD3-4EEE-B573-3E77C4AE12FE}.Release|Any CPU.Build.0 = Release|Any CPU
	EndGlobalSection
	GlobalSection(SolutionProperties) = preSolution
		HideSolutionNode = FALSE
	EndGlobalSection
	GlobalSection(ExtensibilityGlobals) = postSolution
		SolutionGuid = {E86D950B-4188-4859-BE8F-34202A9085F1}
	EndGlobalSection
EndGlobal
